
Microsoft Visual Studio Solution File, Format Version 12.00
# Visual Studio Version 17
VisualStudioVersion = 17.1.32319.34
MinimumVisualStudioVersion = 10.0.40219.1
Project("{8BC9CEB8-8B4A-11D0-8D11-00A0C91BC942}") = "document_scanner", "document_scanner\document_scanner.vcxproj", "{54967333-D3CF-4D6E-B83B-DB7782F86946}"
EndProject
Global
	GlobalSection(SolutionConfigurationPlatforms) = preSolution
		Debug|x64 = Debug|x64
		Debug|x86 = Debug|x86
		Release|x64 = Release|x64
		Release|x86 = Release|x86
	EndGlobalSection
	GlobalSection(ProjectConfigurationPlatforms) = postSolution
		{54967333-D3CF-4D6E-B83B-DB7782F86946}.Debug|x64.ActiveCfg = Debug|x64
		{54967333-D3CF-4D6E-B83B-DB7782F86946}.Debug|x64.Build.0 = Debug|x64
		{54967333-D3CF-4D6E-B83B-DB7782F86946}.Debug|x86.ActiveCfg = Debug|Win32
		{54967333-D3CF-4D6E-B83B-DB7782F86946}.Debug|x86.Build.0 = Debug|Win32
		{54967333-D3CF-4D6E-B83B-DB7782F86946}.Release|x64.ActiveCfg = Release|x64
		{54967333-D3CF-4D6E-B83B-DB7782F86946}.Release|x64.Build.0 = Release|x64
		{54967333-D3CF-4D6E-B83B-DB7782F86946}.Release|x86.ActiveCfg = Release|Win32
		{54967333-D3CF-4D6E-B83B-DB7782F86946}.Release|x86.Build.0 = Release|Win32
	EndGlobalSection
	GlobalSection(SolutionProperties) = preSolution
		HideSolutionNode = FALSE
	EndGlobalSection
	GlobalSection(ExtensibilityGlobals) = postSolution
		SolutionGuid = {A861A8A1-989D-459D-9A67-41C4CF00C874}
	EndGlobalSection
EndGlobal
